
Microsoft Visual Studio Solution File, Format Version 12.00
Project("{FAE04EC0-301F-11D3-BF4B-00C04F79EFBC}") = "ExcelSharp", "ExcelSharp\ExcelSharp.csproj", "{D44E3E67-78BE-4399-AD2D-5DECD5E936B9}"
EndProject
Project("{FAE04EC0-301F-11D3-BF4B-00C04F79EFBC}") = "ExcelSharp.Tests", "ExcelSharp.Tests\ExcelSharp.Tests.csproj", "{234DC005-CC06-4E10-BA6D-3E8225F18D63}"
EndProject
Global
	GlobalSection(SolutionConfigurationPlatforms) = preSolution
		Debug|Any CPU = Debug|Any CPU
		Release|Any CPU = Release|Any CPU
	EndGlobalSection
	GlobalSection(ProjectConfigurationPlatforms) = postSolution
		{D44E3E67-78BE-4399-AD2D-5DECD5E936B9}.Debug|Any CPU.ActiveCfg = Debug|Any CPU
		{D44E3E67-78BE-4399-AD2D-5DECD5E936B9}.Debug|Any CPU.Build.0 = Debug|Any CPU
		{D44E3E67-78BE-4399-AD2D-5DECD5E936B9}.Release|Any CPU.ActiveCfg = Release|Any CPU
		{D44E3E67-78BE-4399-AD2D-5DECD5E936B9}.Release|Any CPU.Build.0 = Release|Any CPU
		{234DC005-CC06-4E10-BA6D-3E8225F18D63}.Debug|Any CPU.ActiveCfg = Debug|Any CPU
		{234DC005-CC06-4E10-BA6D-3E8225F18D63}.Debug|Any CPU.Build.0 = Debug|Any CPU
		{234DC005-CC06-4E10-BA6D-3E8225F18D63}.Release|Any CPU.ActiveCfg = Release|Any CPU
		{234DC005-CC06-4E10-BA6D-3E8225F18D63}.Release|Any CPU.Build.0 = Release|Any CPU
	EndGlobalSection
EndGlobal
